
Microsoft Visual Studio Solution File, Format Version 12.00
# Visual Studio Version 17
VisualStudioVersion = 17.9.34728.123
MinimumVisualStudioVersion = 10.0.40219.1
Project("{FAE04EC0-301F-11D3-BF4B-00C04F79EFBC}") = "AspNetCore8", "AspNetCore8\AspNetCore8.csproj", "{263ED8CF-02E6-4AE5-8C4E-038CC35B1466}"
EndProject
Project("{2150E333-8FDC-42A3-9474-1A3956D46DE8}") = "1 - Presentation", "1 - Presentation", "{1C4B6475-0BA0-4C15-8E83-C20DED5729C2}"
EndProject
Project("{2150E333-8FDC-42A3-9474-1A3956D46DE8}") = "2 - Application", "2 - Application", "{A389F091-4E1A-4913-A43C-9CE73E5E70D4}"
EndProject
Project("{2150E333-8FDC-42A3-9474-1A3956D46DE8}") = "3 Domain", "3 Domain", "{6E4430E8-92A0-4374-81AD-89F1366E50A4}"
EndProject
Project("{2150E333-8FDC-42A3-9474-1A3956D46DE8}") = "4 - Infrastructure", "4 - Infrastructure", "{5D2172C5-49A8-4929-AD3A-072F050825D0}"
EndProject
Project("{FAE04EC0-301F-11D3-BF4B-00C04F79EFBC}") = "Domain", "Domain\Domain.csproj", "{332D7043-49BE-4B13-913E-7B1D1B97B2F4}"
EndProject
Project("{FAE04EC0-301F-11D3-BF4B-00C04F79EFBC}") = "Domain.Core", "Domain.Core\Domain.Core.csproj", "{4251141F-B6ED-4D69-9AA0-53A2B600E851}"
EndProject
Project("{FAE04EC0-301F-11D3-BF4B-00C04F79EFBC}") = "Domain.Services", "Domain.Services\Domain.Services.csproj", "{AB758E1E-68C9-4881-B9EE-A5F7215AF638}"
EndProject
Project("{FAE04EC0-301F-11D3-BF4B-00C04F79EFBC}") = "Application", "Application\Application.csproj", "{691D01EC-56FD-42F2-B09F-A9FADD2D9CAA}"
EndProject
Project("{FAE04EC0-301F-11D3-BF4B-00C04F79EFBC}") = "Application.DTO", "Application.DTO\Application.DTO.csproj", "{A4C6ED82-E163-4B42-896F-70E37CD0DEF0}"
EndProject
Project("{2150E333-8FDC-42A3-9474-1A3956D46DE8}") = "4.1 - Data", "4.1 - Data", "{1E3D4E3C-AFEC-4C8F-A2A3-5F9EC387957F}"
EndProject
Project("{FAE04EC0-301F-11D3-BF4B-00C04F79EFBC}") = "Infrastructure.Data", "Infrastructure.Data\Infrastructure.Data.csproj", "{86FCBDD8-6CE4-4E45-AD7E-5433BD7C6CE6}"
EndProject
Project("{FAE04EC0-301F-11D3-BF4B-00C04F79EFBC}") = "Infrastruture.Repository", "Infrastruture.Repository\Infrastruture.Repository.csproj", "{9FB7406D-9803-4C05-A685-80698A042592}"
EndProject
Project("{2150E333-8FDC-42A3-9474-1A3956D46DE8}") = "4.2 - CrossCutting", "4.2 - CrossCutting", "{AA0ACCAA-0EE8-421B-9047-E615FAD78BBF}"
EndProject
Project("{FAE04EC0-301F-11D3-BF4B-00C04F79EFBC}") = "Infrastruture.CrossCutting.Adapter", "Infrastruture.CrossCutting.Adapter\Infrastruture.CrossCutting.Adapter.csproj", "{90E9BCF3-32EC-48F9-9521-E8C302DD42BC}"
EndProject
Project("{FAE04EC0-301F-11D3-BF4B-00C04F79EFBC}") = "Infrastruture.CrossCutting.IOC", "Infrastruture.CrossCutting.IOC\Infrastruture.CrossCutting.IOC.csproj", "{A77C5207-7785-4DD0-9ECD-DE1A09F0312D}"
EndProject
Global
	GlobalSection(SolutionConfigurationPlatforms) = preSolution
		Debug|Any CPU = Debug|Any CPU
		Release|Any CPU = Release|Any CPU
	EndGlobalSection
	GlobalSection(ProjectConfigurationPlatforms) = postSolution
		{263ED8CF-02E6-4AE5-8C4E-038CC35B1466}.Debug|Any CPU.ActiveCfg = Debug|Any CPU
		{263ED8CF-02E6-4AE5-8C4E-038CC35B1466}.Debug|Any CPU.Build.0 = Debug|Any CPU
		{263ED8CF-02E6-4AE5-8C4E-038CC35B1466}.Release|Any CPU.ActiveCfg = Release|Any CPU
		{263ED8CF-02E6-4AE5-8C4E-038CC35B1466}.Release|Any CPU.Build.0 = Release|Any CPU
		{332D7043-49BE-4B13-913E-7B1D1B97B2F4}.Debug|Any CPU.ActiveCfg = Debug|Any CPU
		{332D7043-49BE-4B13-913E-7B1D1B97B2F4}.Debug|Any CPU.Build.0 = Debug|Any CPU
		{332D7043-49BE-4B13-913E-7B1D1B97B2F4}.Release|Any CPU.ActiveCfg = Release|Any CPU
		{332D7043-49BE-4B13-913E-7B1D1B97B2F4}.Release|Any CPU.Build.0 = Release|Any CPU
		{4251141F-B6ED-4D69-9AA0-53A2B600E851}.Debug|Any CPU.ActiveCfg = Debug|Any CPU
		{4251141F-B6ED-4D69-9AA0-53A2B600E851}.Debug|Any CPU.Build.0 = Debug|Any CPU
		{4251141F-B6ED-4D69-9AA0-53A2B600E851}.Release|Any CPU.ActiveCfg = Release|Any CPU
		{4251141F-B6ED-4D69-9AA0-53A2B600E851}.Release|Any CPU.Build.0 = Release|Any CPU
		{AB758E1E-68C9-4881-B9EE-A5F7215AF638}.Debug|Any CPU.ActiveCfg = Debug|Any CPU
		{AB758E1E-68C9-4881-B9EE-A5F7215AF638}.Debug|Any CPU.Build.0 = Debug|Any CPU
		{AB758E1E-68C9-4881-B9EE-A5F7215AF638}.Release|Any CPU.ActiveCfg = Release|Any CPU
		{AB758E1E-68C9-4881-B9EE-A5F7215AF638}.Release|Any CPU.Build.0 = Release|Any CPU
		{691D01EC-56FD-42F2-B09F-A9FADD2D9CAA}.Debug|Any CPU.ActiveCfg = Debug|Any CPU
		{691D01EC-56FD-42F2-B09F-A9FADD2D9CAA}.Debug|Any CPU.Build.0 = Debug|Any CPU
		{691D01EC-56FD-42F2-B09F-A9FADD2D9CAA}.Release|Any CPU.ActiveCfg = Release|Any CPU
		{691D01EC-56FD-42F2-B09F-A9FADD2D9CAA}.Release|Any CPU.Build.0 = Release|Any CPU
		{A4C6ED82-E163-4B42-896F-70E37CD0DEF0}.Debug|Any CPU.ActiveCfg = Debug|Any CPU
		{A4C6ED82-E163-4B42-896F-70E37CD0DEF0}.Debug|Any CPU.Build.0 = Debug|Any CPU
		{A4C6ED82-E163-4B42-896F-70E37CD0DEF0}.Release|Any CPU.ActiveCfg = Release|Any CPU
		{A4C6ED82-E163-4B42-896F-70E37CD0DEF0}.Release|Any CPU.Build.0 = Release|Any CPU
		{86FCBDD8-6CE4-4E45-AD7E-5433BD7C6CE6}.Debug|Any CPU.ActiveCfg = Debug|Any CPU
		{86FCBDD8-6CE4-4E45-AD7E-5433BD7C6CE6}.Debug|Any CPU.Build.0 = Debug|Any CPU
		{86FCBDD8-6CE4-4E45-AD7E-5433BD7C6CE6}.Release|Any CPU.ActiveCfg = Release|Any CPU
		{86FCBDD8-6CE4-4E45-AD7E-5433BD7C6CE6}.Release|Any CPU.Build.0 = Release|Any CPU
		{9FB7406D-9803-4C05-A685-80698A042592}.Debug|Any CPU.ActiveCfg = Debug|Any CPU
		{9FB7406D-9803-4C05-A685-80698A042592}.Debug|Any CPU.Build.0 = Debug|Any CPU
		{9FB7406D-9803-4C05-A685-80698A042592}.Release|Any CPU.ActiveCfg = Release|Any CPU
		{9FB7406D-9803-4C05-A685-80698A042592}.Release|Any CPU.Build.0 = Release|Any CPU
		{90E9BCF3-32EC-48F9-9521-E8C302DD42BC}.Debug|Any CPU.ActiveCfg = Debug|Any CPU
		{90E9BCF3-32EC-48F9-9521-E8C302DD42BC}.Debug|Any CPU.Build.0 = Debug|Any CPU
		{90E9BCF3-32EC-48F9-9521-E8C302DD42BC}.Release|Any CPU.ActiveCfg = Release|Any CPU
		{90E9BCF3-32EC-48F9-9521-E8C302DD42BC}.Release|Any CPU.Build.0 = Release|Any CPU
		{A77C5207-7785-4DD0-9ECD-DE1A09F0312D}.Debug|Any CPU.ActiveCfg = Debug|Any CPU
		{A77C5207-7785-4DD0-9ECD-DE1A09F0312D}.Debug|Any CPU.Build.0 = Debug|Any CPU
		{A77C5207-7785-4DD0-9ECD-DE1A09F0312D}.Release|Any CPU.ActiveCfg = Release|Any CPU
		{A77C5207-7785-4DD0-9ECD-DE1A09F0312D}.Release|Any CPU.Build.0 = Release|Any CPU
	EndGlobalSection
	GlobalSection(SolutionProperties) = preSolution
		HideSolutionNode = FALSE
	EndGlobalSection
	GlobalSection(NestedProjects) = preSolution
		{263ED8CF-02E6-4AE5-8C4E-038CC35B1466} = {1C4B6475-0BA0-4C15-8E83-C20DED5729C2}
		{332D7043-49BE-4B13-913E-7B1D1B97B2F4} = {6E4430E8-92A0-4374-81AD-89F1366E50A4}
		{4251141F-B6ED-4D69-9AA0-53A2B600E851} = {6E4430E8-92A0-4374-81AD-89F1366E50A4}
		{AB758E1E-68C9-4881-B9EE-A5F7215AF638} = {6E4430E8-92A0-4374-81AD-89F1366E50A4}
		{691D01EC-56FD-42F2-B09F-A9FADD2D9CAA} = {A389F091-4E1A-4913-A43C-9CE73E5E70D4}
		{A4C6ED82-E163-4B42-896F-70E37CD0DEF0} = {A389F091-4E1A-4913-A43C-9CE73E5E70D4}
		{1E3D4E3C-AFEC-4C8F-A2A3-5F9EC387957F} = {5D2172C5-49A8-4929-AD3A-072F050825D0}
		{86FCBDD8-6CE4-4E45-AD7E-5433BD7C6CE6} = {1E3D4E3C-AFEC-4C8F-A2A3-5F9EC387957F}
		{9FB7406D-9803-4C05-A685-80698A042592} = {1E3D4E3C-AFEC-4C8F-A2A3-5F9EC387957F}
		{AA0ACCAA-0EE8-421B-9047-E615FAD78BBF} = {5D2172C5-49A8-4929-AD3A-072F050825D0}
		{90E9BCF3-32EC-48F9-9521-E8C302DD42BC} = {AA0ACCAA-0EE8-421B-9047-E615FAD78BBF}
		{A77C5207-7785-4DD0-9ECD-DE1A09F0312D} = {AA0ACCAA-0EE8-421B-9047-E615FAD78BBF}
	EndGlobalSection
	GlobalSection(ExtensibilityGlobals) = postSolution
		SolutionGuid = {F337444F-4292-405A-8DF9-A1410CA80D46}
	EndGlobalSection
EndGlobal
